
Microsoft Visual Studio Solution File, Format Version 12.00
# Visual Studio Version 17
VisualStudioVersion = 17.13.35825.156 d17.13
MinimumVisualStudioVersion = 10.0.40219.1
Project("{FAE04EC0-301F-11D3-BF4B-00C04F79EFBC}") = "CafeMenuProject", "CafeMenuProject\CafeMenuProject.csproj", "{836CFE2F-8EFC-4CE8-B102-D2719821A8BC}"
EndProject
Global
	GlobalSection(SolutionConfigurationPlatforms) = preSolution
		Debug|Any CPU = Debug|Any CPU
		Release|Any CPU = Release|Any CPU
	EndGlobalSection
	GlobalSection(ProjectConfigurationPlatforms) = postSolution
		{836CFE2F-8EFC-4CE8-B102-D2719821A8BC}.Debug|Any CPU.ActiveCfg = Debug|Any CPU
		{836CFE2F-8EFC-4CE8-B102-D2719821A8BC}.Debug|Any CPU.Build.0 = Debug|Any CPU
		{836CFE2F-8EFC-4CE8-B102-D2719821A8BC}.Release|Any CPU.ActiveCfg = Release|Any CPU
		{836CFE2F-8EFC-4CE8-B102-D2719821A8BC}.Release|Any CPU.Build.0 = Release|Any CPU
	EndGlobalSection
	GlobalSection(SolutionProperties) = preSolution
		HideSolutionNode = FALSE
	EndGlobalSection
	GlobalSection(ExtensibilityGlobals) = postSolution
		SolutionGuid = {33644911-69FA-4D94-A0C2-64254BDF6A19}
	EndGlobalSection
EndGlobal
